
Microsoft Visual Studio Solution File, Format Version 12.00
# Visual Studio 2012
Project("{FAE04EC0-301F-11D3-BF4B-00C04F79EFBC}") = "ConsoleApp", "ConsoleApp\ConsoleApp.csproj", "{7F6BB822-AFAA-4B05-B19F-FE4723F3A7D0}"
EndProject
Project("{FAE04EC0-301F-11D3-BF4B-00C04F79EFBC}") = "ProjectA.TeamA", "ProjectA.TeamA\ProjectA.TeamA.csproj", "{4C79FBFE-BB99-409B-B852-621630B634F4}"
EndProject
Project("{FAE04EC0-301F-11D3-BF4B-00C04F79EFBC}") = "ProjectA.TeamB", "ProjectA.TeamB\ProjectA.TeamB.csproj", "{E8B506DB-420B-4D0F-8CFE-A67311F49BDF}"
EndProject
Global
	GlobalSection(SolutionConfigurationPlatforms) = preSolution
		Debug|Any CPU = Debug|Any CPU
		Release|Any CPU = Release|Any CPU
	EndGlobalSection
	GlobalSection(ProjectConfigurationPlatforms) = postSolution
		{7F6BB822-AFAA-4B05-B19F-FE4723F3A7D0}.Debug|Any CPU.ActiveCfg = Debug|Any CPU
		{7F6BB822-AFAA-4B05-B19F-FE4723F3A7D0}.Debug|Any CPU.Build.0 = Debug|Any CPU
		{7F6BB822-AFAA-4B05-B19F-FE4723F3A7D0}.Release|Any CPU.ActiveCfg = Release|Any CPU
		{7F6BB822-AFAA-4B05-B19F-FE4723F3A7D0}.Release|Any CPU.Build.0 = Release|Any CPU
		{4C79FBFE-BB99-409B-B852-621630B634F4}.Debug|Any CPU.ActiveCfg = Debug|Any CPU
		{4C79FBFE-BB99-409B-B852-621630B634F4}.Debug|Any CPU.Build.0 = Debug|Any CPU
		{4C79FBFE-BB99-409B-B852-621630B634F4}.Release|Any CPU.ActiveCfg = Release|Any CPU
		{4C79FBFE-BB99-409B-B852-621630B634F4}.Release|Any CPU.Build.0 = Release|Any CPU
		{E8B506DB-420B-4D0F-8CFE-A67311F49BDF}.Debug|Any CPU.ActiveCfg = Debug|Any CPU
		{E8B506DB-420B-4D0F-8CFE-A67311F49BDF}.Debug|Any CPU.Build.0 = Debug|Any CPU
		{E8B506DB-420B-4D0F-8CFE-A67311F49BDF}.Release|Any CPU.ActiveCfg = Release|Any CPU
		{E8B506DB-420B-4D0F-8CFE-A67311F49BDF}.Release|Any CPU.Build.0 = Release|Any CPU
	EndGlobalSection
	GlobalSection(SolutionProperties) = preSolution
		HideSolutionNode = FALSE
	EndGlobalSection
EndGlobal
